github.com/gen2brain/raylib-go/raylib v0.0.0-20230413192425-0fdd3be3077b h1:a6MhRr2wZWGfWVu+hrnz+qkW/lGZzFPggpFJA8Zzj0I=
github.com/gen2brain/raylib-go/raylib v0.0.0-20230413192425-0fdd3be3077b/go.mod h1:AwtGA3aTtYdezNxEVbfchaLw/z+CuRDh2Mlxy0FbBro=
github.com/gen2brain/raylib-go/raylib v0.0.0-20231109075558-f953e65a3a7e h1:1G7dQUdZ9Ji4QvGecLLLb7bLXfGXu2d6m4YbP1J2OMw=
github.com/gen2brain/raylib-go/raylib v0.0.0-20231109075558-f953e65a3a7e/go.mod h1:Sqv0J2v9cjfHUkE8uV7q0RSjeP1B3f6p+F7EgfkX6qQ=
